// !$*UTF8*$!
{
	archiveVersion = 1;
	classes = {
	};
	objectVersion = 46;
	objects = {

/* Begin PBXBuildFile section */
		353BF1DA1E8CDB5E00334B8F /* CloudKit.framework in Frameworks */ = {isa = PBXBuildFile; fileRef = 353BF1D91E8CDB5E00334B8F /* CloudKit.framework */; };
		353EBA501EA17D8000741181 /* ViewModel.swift in Sources */ = {isa = PBXBuildFile; fileRef = 353EBA4F1EA17D8000741181 /* ViewModel.swift */; };
		353EBA521EA17DBA00741181 /* ViewModelProtocol.swift in Sources */ = {isa = PBXBuildFile; fileRef = 353EBA511EA17DBA00741181 /* ViewModelProtocol.swift */; };
		353EBA541EA17E9400741181 /* CustomerEntity.swift in Sources */ = {isa = PBXBuildFile; fileRef = 353EBA531EA17E9400741181 /* CustomerEntity.swift */; };
		3595D9AB1E39DC6E00782506 /* AppDelegate.swift in Sources */ = {isa = PBXBuildFile; fileRef = 3595D9AA1E39DC6E00782506 /* AppDelegate.swift */; };
		3595D9AD1E39DC6E00782506 /* ViewController.swift in Sources */ = {isa = PBXBuildFile; fileRef = 3595D9AC1E39DC6E00782506 /* ViewController.swift */; };
		3595D9B01E39DC6E00782506 /* Main.storyboard in Resources */ = {isa = PBXBuildFile; fileRef = 3595D9AE1E39DC6E00782506 /* Main.storyboard */; };
		3595D9B21E39DC6E00782506 /* Assets.xcassets in Resources */ = {isa = PBXBuildFile; fileRef = 3595D9B11E39DC6E00782506 /* Assets.xcassets */; };
		3595D9B51E39DC6E00782506 /* LaunchScreen.storyboard in Resources */ = {isa = PBXBuildFile; fileRef = 3595D9B31E39DC6E00782506 /* LaunchScreen.storyboard */; };
		3595D9C01E39DC6E00782506 /* RevYoPointsTests.swift in Sources */ = {isa = PBXBuildFile; fileRef = 3595D9BF1E39DC6E00782506 /* RevYoPointsTests.swift */; };
/* End PBXBuildFile section */

/* Begin PBXContainerItemProxy section */
		3595D9BC1E39DC6E00782506 /* PBXContainerItemProxy */ = {
			isa = PBXContainerItemProxy;
			containerPortal = 3595D99F1E39DC6D00782506 /* Project object */;
			proxyType = 1;
			remoteGlobalIDString = 3595D9A61E39DC6D00782506;
			remoteInfo = RevYoPoints;
		};
/* End PBXContainerItemProxy section */

/* Begin PBXFileReference section */
		353BF1D91E8CDB5E00334B8F /* CloudKit.framework */ = {isa = PBXFileReference; lastKnownFileType = wrapper.framework; name = CloudKit.framework; path = System/Library/Frameworks/CloudKit.framework; sourceTree = SDKROOT; };
		353EBA4F1EA17D8000741181 /* ViewModel.swift */ = {isa = PBXFileReference; fileEncoding = 4; lastKnownFileType = sourcecode.swift; path = ViewModel.swift; sourceTree = "<group>"; };
		353EBA511EA17DBA00741181 /* ViewModelProtocol.swift */ = {isa = PBXFileReference; fileEncoding = 4; lastKnownFileType = sourcecode.swift; path = ViewModelProtocol.swift; sourceTree = "<group>"; };
		353EBA531EA17E9400741181 /* CustomerEntity.swift */ = {isa = PBXFileReference; fileEncoding = 4; lastKnownFileType = sourcecode.swift; path = CustomerEntity.swift; sourceTree = "<group>"; };
		3595D9A71E39DC6E00782506 /* RevYoPoints.app */ = {isa = PBXFileReference; explicitFileType = wrapper.application; includeInIndex = 0; path = RevYoPoints.app; sourceTree = BUILT_PRODUCTS_DIR; };
		3595D9AA1E39DC6E00782506 /* AppDelegate.swift */ = {isa = PBXFileReference; lastKnownFileType = sourcecode.swift; path = AppDelegate.swift; sourceTree = "<group>"; };
		3595D9AC1E39DC6E00782506 /* ViewController.swift */ = {isa = PBXFileReference; lastKnownFileType = sourcecode.swift; path = ViewController.swift; sourceTree = "<group>"; };
		3595D9AF1E39DC6E00782506 /* Base */ = {isa = PBXFileReference; lastKnownFileType = file.storyboard; name = Base; path = Base.lproj/Main.storyboard; sourceTree = "<group>"; };
		3595D9B11E39DC6E00782506 /* Assets.xcassets */ = {isa = PBXFileReference; lastKnownFileType = folder.assetcatalog; path = Assets.xcassets; sourceTree = "<group>"; };
		3595D9B41E39DC6E00782506 /* Base */ = {isa = PBXFileReference; lastKnownFileType = file.storyboard; name = Base; path = Base.lproj/LaunchScreen.storyboard; sourceTree = "<group>"; };
		3595D9B61E39DC6E00782506 /* Info.plist */ = {isa = PBXFileReference; lastKnownFileType = text.plist.xml; path = Info.plist; sourceTree = "<group>"; };
		3595D9BB1E39DC6E00782506 /* RevYoPointsTests.xctest */ = {isa = PBXFileReference; explicitFileType = wrapper.cfbundle; includeInIndex = 0; path = RevYoPointsTests.xctest; sourceTree = BUILT_PRODUCTS_DIR; };
		3595D9BF1E39DC6E00782506 /* RevYoPointsTests.swift */ = {isa = PBXFileReference; lastKnownFileType = sourcecode.swift; path = RevYoPointsTests.swift; sourceTree = "<group>"; };
		3595D9C11E39DC6E00782506 /* Info.plist */ = {isa = PBXFileReference; lastKnownFileType = text.plist.xml; path = Info.plist; sourceTree = "<group>"; };
		3595D9CA1E39DCB000782506 /* RevYoPoints.entitlements */ = {isa = PBXFileReference; lastKnownFileType = text.plist.entitlements; path = RevYoPoints.entitlements; sourceTree = "<group>"; };
/* End PBXFileReference section */

/* Begin PBXFrameworksBuildPhase section */
		3595D9A41E39DC6D00782506 /* Frameworks */ = {
			isa = PBXFrameworksBuildPhase;
			buildActionMask = 2147483647;
			files = (
				353BF1DA1E8CDB5E00334B8F /* CloudKit.framework in Frameworks */,
			);
			runOnlyForDeploymentPostprocessing = 0;
		};
		3595D9B81E39DC6E00782506 /* Frameworks */ = {
			isa = PBXFrameworksBuildPhase;
			buildActionMask = 2147483647;
			files = (
			);
			runOnlyForDeploymentPostprocessing = 0;
		};
/* End PBXFrameworksBuildPhase section */

/* Begin PBXGroup section */
		3595D99E1E39DC6D00782506 = {
			isa = PBXGroup;
			children = (
				3595D9A91E39DC6E00782506 /* RevYoPoints */,
				3595D9BE1E39DC6E00782506 /* RevYoPointsTests */,
				3595D9A81E39DC6E00782506 /* Products */,
				3595D9CB1E39DCB800782506 /* Frameworks */,
			);
			sourceTree = "<group>";
		};
		3595D9A81E39DC6E00782506 /* Products */ = {
			isa = PBXGroup;
			children = (
				3595D9A71E39DC6E00782506 /* RevYoPoints.app */,
				3595D9BB1E39DC6E00782506 /* RevYoPointsTests.xctest */,
			);
			name = Products;
			sourceTree = "<group>";
		};
		3595D9A91E39DC6E00782506 /* RevYoPoints */ = {
			isa = PBXGroup;
			children = (
				3595D9CA1E39DCB000782506 /* RevYoPoints.entitlements */,
				3595D9AA1E39DC6E00782506 /* AppDelegate.swift */,
				3595D9AC1E39DC6E00782506 /* ViewController.swift */,
				3595D9AE1E39DC6E00782506 /* Main.storyboard */,
				3595D9B11E39DC6E00782506 /* Assets.xcassets */,
				3595D9B31E39DC6E00782506 /* LaunchScreen.storyboard */,
				3595D9B61E39DC6E00782506 /* Info.plist */,
				353EBA4F1EA17D8000741181 /* ViewModel.swift */,
				353EBA511EA17DBA00741181 /* ViewModelProtocol.swift */,
				353EBA531EA17E9400741181 /* CustomerEntity.swift */,
			);
			path = RevYoPoints;
			sourceTree = "<group>";
		};
		3595D9BE1E39DC6E00782506 /* RevYoPointsTests */ = {
			isa = PBXGroup;
			children = (
				3595D9BF1E39DC6E00782506 /* RevYoPointsTests.swift */,
				3595D9C11E39DC6E00782506 /* Info.plist */,
			);
			path = RevYoPointsTests;
			sourceTree = "<group>";
		};
		3595D9CB1E39DCB800782506 /* Frameworks */ = {
			isa = PBXGroup;
			children = (
				353BF1D91E8CDB5E00334B8F /* CloudKit.framework */,
			);
			name = Frameworks;
			sourceTree = "<group>";
		};
/* End PBXGroup section */

/* Begin PBXNativeTarget section */
		3595D9A61E39DC6D00782506 /* RevYoPoints */ = {
			isa = PBXNativeTarget;
			buildConfigurationList = 3595D9C41E39DC6E00782506 /* Build configuration list for PBXNativeTarget "RevYoPoints" */;
			buildPhases = (
				3595D9A31E39DC6D00782506 /* Sources */,
				3595D9A41E39DC6D00782506 /* Frameworks */,
				3595D9A51E39DC6D00782506 /* Resources */,
			);
			buildRules = (
			);
			dependencies = (
			);
			name = RevYoPoints;
			productName = RevYoPoints;
			productReference = 3595D9A71E39DC6E00782506 /* RevYoPoints.app */;
			productType = "com.apple.product-type.application";
		};
		3595D9BA1E39DC6E00782506 /* RevYoPointsTests */ = {
			isa = PBXNativeTarget;
			buildConfigurationList = 3595D9C71E39DC6E00782506 /* Build configuration list for PBXNativeTarget "RevYoPointsTests" */;
			buildPhases = (
				3595D9B71E39DC6E00782506 /* Sources */,
				3595D9B81E39DC6E00782506 /* Frameworks */,
				3595D9B91E39DC6E00782506 /* Resources */,
			);
			buildRules = (
			);
			dependencies = (
				3595D9BD1E39DC6E00782506 /* PBXTargetDependency */,
			);
			name = RevYoPointsTests;
			productName = RevYoPointsTests;
			productReference = 3595D9BB1E39DC6E00782506 /* RevYoPointsTests.xctest */;
			productType = "com.apple.product-type.bundle.unit-test";
		};
/* End PBXNativeTarget section */

/* Begin PBXProject section */
		3595D99F1E39DC6D00782506 /* Project object */ = {
			isa = PBXProject;
			attributes = {
				LastSwiftUpdateCheck = 0820;
				LastUpgradeCheck = 0820;
				ORGANIZATIONNAME = us.banga.RevYoPoints;
				TargetAttributes = {
					3595D9A61E39DC6D00782506 = {
						CreatedOnToolsVersion = 8.2.1;
						DevelopmentTeam = T33T396V4W;
						ProvisioningStyle = Manual;
						SystemCapabilities = {
							com.apple.Push = {
								enabled = 1;
							};
							com.apple.iCloud = {
								enabled = 1;
							};
						};
					};
					3595D9BA1E39DC6E00782506 = {
						CreatedOnToolsVersion = 8.2.1;
						DevelopmentTeam = T33T396V4W;
						ProvisioningStyle = Automatic;
						TestTargetID = 3595D9A61E39DC6D00782506;
					};
				};
			};
			buildConfigurationList = 3595D9A21E39DC6D00782506 /* Build configuration list for PBXProject "RevYoPoints" */;
			compatibilityVersion = "Xcode 3.2";
			developmentRegion = English;
			hasScannedForEncodings = 0;
			knownRegions = (
				en,
				Base,
			);
			mainGroup = 3595D99E1E39DC6D00782506;
			productRefGroup = 3595D9A81E39DC6E00782506 /* Products */;
			projectDirPath = "";
			projectRoot = "";
			targets = (
				3595D9A61E39DC6D00782506 /* RevYoPoints */,
				3595D9BA1E39DC6E00782506 /* RevYoPointsTests */,
			);
		};
/* End PBXProject section */

/* Begin PBXResourcesBuildPhase section */
		3595D9A51E39DC6D00782506 /* Resources */ = {
			isa = PBXResourcesBuildPhase;
			buildActionMask = 2147483647;
			files = (
				3595D9B51E39DC6E00782506 /* LaunchScreen.storyboard in Resources */,
				3595D9B21E39DC6E00782506 /* Assets.xcassets in Resources */,
				3595D9B01E39DC6E00782506 /* Main.storyboard in Resources */,
			);
			runOnlyForDeploymentPostprocessing = 0;
		};
		3595D9B91E39DC6E00782506 /* Resources */ = {
			isa = PBXResourcesBuildPhase;
			buildActionMask = 2147483647;
			files = (
			);
			runOnlyForDeploymentPostprocessing = 0;
		};
/* End PBXResourcesBuildPhase section */

/* Begin PBXSourcesBuildPhase section */
		3595D9A31E39DC6D00782506 /* Sources */ = {
			isa = PBXSourcesBuildPhase;
			buildActionMask = 2147483647;
			files = (
				353EBA521EA17DBA00741181 /* ViewModelProtocol.swift in Sources */,
				3595D9AD1E39DC6E00782506 /* ViewController.swift in Sources */,
				353EBA501EA17D8000741181 /* ViewModel.swift in Sources */,
				3595D9AB1E39DC6E00782506 /* AppDelegate.swift in Sources */,
				353EBA541EA17E9400741181 /* CustomerEntity.swift in Sources */,
			);
			runOnlyForDeploymentPostprocessing = 0;
		};
		3595D9B71E39DC6E00782506 /* Sources */ = {
			isa = PBXSourcesBuildPhase;
			buildActionMask = 2147483647;
			files = (
				3595D9C01E39DC6E00782506 /* RevYoPointsTests.swift in Sources */,
			);
			runOnlyForDeploymentPostprocessing = 0;
		};
/* End PBXSourcesBuildPhase section */

/* Begin PBXTargetDependency section */
		3595D9BD1E39DC6E00782506 /* PBXTargetDependency */ = {
			isa = PBXTargetDependency;
			target = 3595D9A61E39DC6D00782506 /* RevYoPoints */;
			targetProxy = 3595D9BC1E39DC6E00782506 /* PBXContainerItemProxy */;
		};
/* End PBXTargetDependency section */

/* Begin PBXVariantGroup section */
		3595D9AE1E39DC6E00782506 /* Main.storyboard */ = {
			isa = PBXVariantGroup;
			children = (
				3595D9AF1E39DC6E00782506 /* Base */,
			);
			name = Main.storyboard;
			sourceTree = "<group>";
		};
		3595D9B31E39DC6E00782506 /* LaunchScreen.storyboard */ = {
			isa = PBXVariantGroup;
			children = (
				3595D9B41E39DC6E00782506 /* Base */,
			);
			name = LaunchScreen.storyboard;
			sourceTree = "<group>";
		};
/* End PBXVariantGroup section */

/* Begin XCBuildConfiguration section */
		3595D9C21E39DC6E00782506 /* Debug */ = {
			isa = XCBuildConfiguration;
			buildSettings = {
				ALWAYS_SEARCH_USER_PATHS = NO;
				CLANG_ANALYZER_NONNULL = YES;
				CLANG_CXX_LANGUAGE_STANDARD = "gnu++0x";
				CLANG_CXX_LIBRARY = "libc++";
				CLANG_ENABLE_MODULES = YES;
				CLANG_ENABLE_OBJC_ARC = YES;
				CLANG_WARN_BOOL_CONVERSION = YES;
				CLANG_WARN_CONSTANT_CONVERSION = YES;
				CLANG_WARN_DIRECT_OBJC_ISA_USAGE = YES_ERROR;
				CLANG_WARN_DOCUMENTATION_COMMENTS = YES;
				CLANG_WARN_EMPTY_BODY = YES;
				CLANG_WARN_ENUM_CONVERSION = YES;
				CLANG_WARN_INFINITE_RECURSION = YES;
				CLANG_WARN_INT_CONVERSION = YES;
				CLANG_WARN_OBJC_ROOT_CLASS = YES_ERROR;
				CLANG_WARN_SUSPICIOUS_MOVE = YES;
				CLANG_WARN_UNREACHABLE_CODE = YES;
				CLANG_WARN__DUPLICATE_METHOD_MATCH = YES;
				"CODE_SIGN_IDENTITY[sdk=iphoneos*]" = "iPhone Developer";
				COPY_PHASE_STRIP = NO;
				DEBUG_INFORMATION_FORMAT = dwarf;
				ENABLE_STRICT_OBJC_MSGSEND = YES;
				ENABLE_TESTABILITY = YES;
				GCC_C_LANGUAGE_STANDARD = gnu99;
				GCC_DYNAMIC_NO_PIC = NO;
				GCC_NO_COMMON_BLOCKS = YES;
				GCC_OPTIMIZATION_LEVEL = 0;
				GCC_PREPROCESSOR_DEFINITIONS = (
					"DEBUG=1",
					"$(inherited)",
				);
				GCC_WARN_64_TO_32_BIT_CONVERSION = YES;
				GCC_WARN_ABOUT_RETURN_TYPE = YES_ERROR;
				GCC_WARN_UNDECLARED_SELECTOR = YES;
				GCC_WARN_UNINITIALIZED_AUTOS = YES_AGGRESSIVE;
				GCC_WARN_UNUSED_FUNCTION = YES;
				GCC_WARN_UNUSED_VARIABLE = YES;
				IPHONEOS_DEPLOYMENT_TARGET = 10.2;
				MTL_ENABLE_DEBUG_INFO = YES;
				ONLY_ACTIVE_ARCH = YES;
				SDKROOT = iphoneos;
				SWIFT_ACTIVE_COMPILATION_CONDITIONS = DEBUG;
				SWIFT_OPTIMIZATION_LEVEL = "-Onone";
				TARGETED_DEVICE_FAMILY = "1,2";
			};
			name = Debug;
		};
		3595D9C31E39DC6E00782506 /* Release */ = {
			isa = XCBuildConfiguration;
			buildSettings = {
				ALWAYS_SEARCH_USER_PATHS = NO;
				CLANG_ANALYZER_NONNULL = YES;
				CLANG_CXX_LANGUAGE_STANDARD = "gnu++0x";
				CLANG_CXX_LIBRARY = "libc++";
				CLANG_ENABLE_MODULES = YES;
				CLANG_ENABLE_OBJC_ARC = YES;
				CLANG_WARN_BOOL_CONVERSION = YES;
				CLANG_WARN_CONSTANT_CONVERSION = YES;
				CLANG_WARN_DIRECT_OBJC_ISA_USAGE = YES_ERROR;
				CLANG_WARN_DOCUMENTATION_COMMENTS = YES;
				CLANG_WARN_EMPTY_BODY = YES;
				CLANG_WARN_ENUM_CONVERSION = YES;
				CLANG_WARN_INFINITE_RECURSION = YES;
				CLANG_WARN_INT_CONVERSION = YES;
				CLANG_WARN_OBJC_ROOT_CLASS = YES_ERROR;
				CLANG_WARN_SUSPICIOUS_MOVE = YES;
				CLANG_WARN_UNREACHABLE_CODE = YES;
				CLANG_WARN__DUPLICATE_METHOD_MATCH = YES;
				"CODE_SIGN_IDENTITY[sdk=iphoneos*]" = "iPhone Developer";
				COPY_PHASE_STRIP = NO;
				DEBUG_INFORMATION_FORMAT = "dwarf-with-dsym";
				ENABLE_NS_ASSERTIONS = NO;
				ENABLE_STRICT_OBJC_MSGSEND = YES;
				GCC_C_LANGUAGE_STANDARD = gnu99;
				GCC_NO_COMMON_BLOCKS = YES;
				GCC_WARN_64_TO_32_BIT_CONVERSION = YES;
				GCC_WARN_ABOUT_RETURN_TYPE = YES_ERROR;
				GCC_WARN_UNDECLARED_SELECTOR = YES;
				GCC_WARN_UNINITIALIZED_AUTOS = YES_AGGRESSIVE;
				GCC_WARN_UNUSED_FUNCTION = YES;
				GCC_WARN_UNUSED_VARIABLE = YES;
				IPHONEOS_DEPLOYMENT_TARGET = 10.2;
				MTL_ENABLE_DEBUG_INFO = NO;
				SDKROOT = iphoneos;
				SWIFT_OPTIMIZATION_LEVEL = "-Owholemodule";
				TARGETED_DEVICE_FAMILY = "1,2";
				VALIDATE_PRODUCT = YES;
			};
			name = Release;
		};
		3595D9C51E39DC6E00782506 /* Debug */ = {
			isa = XCBuildConfiguration;
			buildSettings = {
				ASSETCATALOG_COMPILER_APPICON_NAME = AppIcon;
				CODE_SIGN_ENTITLEMENTS = RevYoPoints/RevYoPoints.entitlements;
				DEVELOPMENT_TEAM = T33T396V4W;
				INFOPLIST_FILE = RevYoPoints/Info.plist;
				LD_RUNPATH_SEARCH_PATHS = "$(inherited) @executable_path/Frameworks";
				PRODUCT_BUNDLE_IDENTIFIER = banga.us.RevYoPoints;
				PRODUCT_NAME = "$(TARGET_NAME)";
				PROVISIONING_PROFILE_SPECIFIER = "";
				SWIFT_VERSION = 3.0;
			};
			name = Debug;
		};
		3595D9C61E39DC6E00782506 /* Release */ = {
			isa = XCBuildConfiguration;
			buildSettings = {
				ASSETCATALOG_COMPILER_APPICON_NAME = AppIcon;
				CODE_SIGN_ENTITLEMENTS = RevYoPoints/RevYoPoints.entitlements;
				DEVELOPMENT_TEAM = "";
				INFOPLIST_FILE = RevYoPoints/Info.plist;
				LD_RUNPATH_SEARCH_PATHS = "$(inherited) @executable_path/Frameworks";
				PRODUCT_BUNDLE_IDENTIFIER = banga.us.RevYoPoints;
				PRODUCT_NAME = "$(TARGET_NAME)";
				PROVISIONING_PROFILE_SPECIFIER = "";
				SWIFT_VERSION = 3.0;
			};
			name = Release;
		};
		3595D9C81E39DC6E00782506 /* Debug */ = {
			isa = XCBuildConfiguration;
			buildSettings = {
				ALWAYS_EMBED_SWIFT_STANDARD_LIBRARIES = YES;
				BUNDLE_LOADER = "$(TEST_HOST)";
				DEVELOPMENT_TEAM = T33T396V4W;
				INFOPLIST_FILE = RevYoPointsTests/Info.plist;
				LD_RUNPATH_SEARCH_PATHS = "$(inherited) @executable_path/Frameworks @loader_path/Frameworks";
				PRODUCT_BUNDLE_IDENTIFIER = banga.us.RevYoPointsTests;
				PRODUCT_NAME = "$(TARGET_NAME)";
				SWIFT_VERSION = 3.0;
				TEST_HOST = "$(BUILT_PRODUCTS_DIR)/RevYoPoints.app/RevYoPoints";
			};
			name = Debug;
		};
		3595D9C91E39DC6E00782506 /* Release */ = {
			isa = XCBuildConfiguration;
			buildSettings = {
				ALWAYS_EMBED_SWIFT_STANDARD_LIBRARIES = YES;
				BUNDLE_LOADER = "$(TEST_HOST)";
				DEVELOPMENT_TEAM = T33T396V4W;
				INFOPLIST_FILE = RevYoPointsTests/Info.plist;
				LD_RUNPATH_SEARCH_PATHS = "$(inherited) @executable_path/Frameworks @loader_path/Frameworks";
				PRODUCT_BUNDLE_IDENTIFIER = banga.us.RevYoPointsTests;
				PRODUCT_NAME = "$(TARGET_NAME)";
				SWIFT_VERSION = 3.0;
				TEST_HOST = "$(BUILT_PRODUCTS_DIR)/RevYoPoints.app/RevYoPoints";
			};
			name = Release;
		};
/* End XCBuildConfiguration section */

/* Begin XCConfigurationList section */
		3595D9A21E39DC6D00782506 /* Build configuration list for PBXProject "RevYoPoints" */ = {
			isa = XCConfigurationList;
			buildConfigurations = (
				3595D9C21E39DC6E00782506 /* Debug */,
				3595D9C31E39DC6E00782506 /* Release */,
			);
			defaultConfigurationIsVisible = 0;
			defaultConfigurationName = Release;
		};
		3595D9C41E39DC6E00782506 /* Build configuration list for PBXNativeTarget "RevYoPoints" */ = {
			isa = XCConfigurationList;
			buildConfigurations = (
				3595D9C51E39DC6E00782506 /* Debug */,
				3595D9C61E39DC6E00782506 /* Release */,
			);
			defaultConfigurationIsVisible = 0;
			defaultConfigurationName = Release;
		};
		3595D9C71E39DC6E00782506 /* Build configuration list for PBXNativeTarget "RevYoPointsTests" */ = {
			isa = XCConfigurationList;
			buildConfigurations = (
				3595D9C81E39DC6E00782506 /* Debug */,
				3595D9C91E39DC6E00782506 /* Release */,
			);
			defaultConfigurationIsVisible = 0;
			defaultConfigurationName = Release;
		};
/* End XCConfigurationList section */
	};
	rootObject = 3595D99F1E39DC6D00782506 /* Project object */;
}
